# THIS IS AN AUTOGENERATED FILE. DO NOT EDIT THIS FILE DIRECTLY.
# yarn lockfile v1


"@types/node@^20.11.7":
  version "20.11.7"
  resolved "https://registry.yarnpkg.com/@types/node/-/node-20.11.7.tgz#cb49aedd758c978c30806d0c38b520ed2a3df6e0"
  integrity sha512-GPmeN1C3XAyV5uybAf4cMLWT9fDWcmQhZVtMFu7OR32WjrqGG+Wnk2V1d0bmtUyE/Zy1QJ9BxyiTih9z8Oks8A==
  dependencies:
    undici-types "~5.26.4"

jsonc-parser@^3.2.1:
  version "3.2.1"
  resolved "https://registry.yarnpkg.com/jsonc-parser/-/jsonc-parser-3.2.1.tgz#031904571ccf929d7670ee8c547545081cb37f1a"
  integrity sha512-AilxAyFOAcK5wA1+LeaySVBrHsGQvUFCDWXKpZjzaL0PqW+xfBOttn8GNtWKFWqneyMZj41MWF9Kl6iPWLwgOA==

undici-types@~5.26.4:
  version "5.26.5"
  resolved "https://registry.yarnpkg.com/undici-types/-/undici-types-5.26.5.tgz#bcd539893d00b56e964fd2657a4866b221a65617"
  integrity sha512-JlCMO+ehdEIKqlFxk6IfVoAUVmgz7cU7zD/h9XZ0qzeosSHmUJVOzSQvvYSYWXkFXC+IfLKSIffhv0sVZup6pA==
